// !$*UTF8*$!
{
	archiveVersion = 1;
	classes = {
	};
	objectVersion = 56;
	objects = {

/* Begin PBXBuildFile section */
		8A6031422D940C9C0072FE9F /* main.c in Sources */ = {isa = PBXBuildFile; fileRef = 8A6031412D940C9C0072FE9F /* main.c */; };
		8A7295972D99B76B0066DE5D /* LeetCode.c in Sources */ = {isa = PBXBuildFile; fileRef = 8A7295962D99B76B0066DE5D /* LeetCode.c */; };
		8A9688C62D9ABFDF00B3B049 /* main.c in Sources */ = {isa = PBXBuildFile; fileRef = 8A9688C52D9ABFDF00B3B049 /* main.c */; };
		8A97BD652D974B5A00EA5510 /* main.c in Sources */ = {isa = PBXBuildFile; fileRef = 8A97BD642D974B5A00EA5510 /* main.c */; };
		8A980EAD2D97609F00BFFBB2 /* main.c in Sources */ = {isa = PBXBuildFile; fileRef = 8A980EAC2D97609F00BFFBB2 /* main.c */; };
		8A980EB82D97C2ED00BFFBB2 /* main.c in Sources */ = {isa = PBXBuildFile; fileRef = 8A980EB72D97C2ED00BFFBB2 /* main.c */; };
		8A9A25D52D943BCF0056BA18 /* main.c in Sources */ = {isa = PBXBuildFile; fileRef = 8A9A25D42D943BCF0056BA18 /* main.c */; };
		8A9BDA622D94DEB3006D5B57 /* main.c in Sources */ = {isa = PBXBuildFile; fileRef = 8A9BDA612D94DEB3006D5B57 /* main.c */; };
		8A9D2A1D2D95A1070025260B /* main.c in Sources */ = {isa = PBXBuildFile; fileRef = 8A9D2A1C2D95A1070025260B /* main.c */; };
		8A9E81062D9665290012840E /* main.c in Sources */ = {isa = PBXBuildFile; fileRef = 8A9E81052D9665290012840E /* main.c */; };
		8A9E810C2D96BD6B0012840E /* Leetcode Solution.c in Sources */ = {isa = PBXBuildFile; fileRef = 8A9E810B2D96BD6B0012840E /* Leetcode Solution.c */; };
/* End PBXBuildFile section */

/* Begin PBXCopyFilesBuildPhase section */
		8A60313D2D940C9C0072FE9F /* CopyFiles */ = {
			isa = PBXCopyFilesBuildPhase;
			buildActionMask = 2147483647;
			dstPath = /usr/share/man/man1/;
			dstSubfolderSpec = 0;
			files = (
			);
			runOnlyForDeploymentPostprocessing = 1;
		};
		8A9688C12D9ABFDF00B3B049 /* CopyFiles */ = {
			isa = PBXCopyFilesBuildPhase;
			buildActionMask = 2147483647;
			dstPath = /usr/share/man/man1/;
			dstSubfolderSpec = 0;
			files = (
			);
			runOnlyForDeploymentPostprocessing = 1;
		};
		8A97BD602D974B5A00EA5510 /* CopyFiles */ = {
			isa = PBXCopyFilesBuildPhase;
			buildActionMask = 2147483647;
			dstPath = /usr/share/man/man1/;
			dstSubfolderSpec = 0;
			files = (
			);
			runOnlyForDeploymentPostprocessing = 1;
		};
		8A980EA82D97609F00BFFBB2 /* CopyFiles */ = {
			isa = PBXCopyFilesBuildPhase;
			buildActionMask = 2147483647;
			dstPath = /usr/share/man/man1/;
			dstSubfolderSpec = 0;
			files = (
			);
			runOnlyForDeploymentPostprocessing = 1;
		};
		8A980EB32D97C2ED00BFFBB2 /* CopyFiles */ = {
			isa = PBXCopyFilesBuildPhase;
			buildActionMask = 2147483647;
			dstPath = /usr/share/man/man1/;
			dstSubfolderSpec = 0;
			files = (
			);
			runOnlyForDeploymentPostprocessing = 1;
		};
		8A9A25D02D943BCF0056BA18 /* CopyFiles */ = {
			isa = PBXCopyFilesBuildPhase;
			buildActionMask = 2147483647;
			dstPath = /usr/share/man/man1/;
			dstSubfolderSpec = 0;
			files = (
			);
			runOnlyForDeploymentPostprocessing = 1;
		};
		8A9BDA5D2D94DEB3006D5B57 /* CopyFiles */ = {
			isa = PBXCopyFilesBuildPhase;
			buildActionMask = 2147483647;
			dstPath = /usr/share/man/man1/;
			dstSubfolderSpec = 0;
			files = (
			);
			runOnlyForDeploymentPostprocessing = 1;
		};
		8A9D2A182D95A1070025260B /* CopyFiles */ = {
			isa = PBXCopyFilesBuildPhase;
			buildActionMask = 2147483647;
			dstPath = /usr/share/man/man1/;
			dstSubfolderSpec = 0;
			files = (
			);
			runOnlyForDeploymentPostprocessing = 1;
		};
		8A9E81012D9665290012840E /* CopyFiles */ = {
			isa = PBXCopyFilesBuildPhase;
			buildActionMask = 2147483647;
			dstPath = /usr/share/man/man1/;
			dstSubfolderSpec = 0;
			files = (
			);
			runOnlyForDeploymentPostprocessing = 1;
		};
		8AA2ADAF2D940BD100CDCECC /* CopyFiles */ = {
			isa = PBXCopyFilesBuildPhase;
			buildActionMask = 2147483647;
			dstPath = /usr/share/man/man1/;
			dstSubfolderSpec = 0;
			files = (
			);
			runOnlyForDeploymentPostprocessing = 1;
		};
/* End PBXCopyFilesBuildPhase section */

/* Begin PBXFileReference section */
		8A60313F2D940C9C0072FE9F /* BinaryToDecimal */ = {isa = PBXFileReference; explicitFileType = "compiled.mach-o.executable"; includeInIndex = 0; path = BinaryToDecimal; sourceTree = BUILT_PRODUCTS_DIR; };
		8A6031412D940C9C0072FE9F /* main.c */ = {isa = PBXFileReference; lastKnownFileType = sourcecode.c.c; path = main.c; sourceTree = "<group>"; };
		8A7295952D99B76B0066DE5D /* LeetCode.h */ = {isa = PBXFileReference; lastKnownFileType = sourcecode.c.h; path = LeetCode.h; sourceTree = "<group>"; };
		8A7295962D99B76B0066DE5D /* LeetCode.c */ = {isa = PBXFileReference; lastKnownFileType = sourcecode.c.c; path = LeetCode.c; sourceTree = "<group>"; };
		8A9688C32D9ABFDF00B3B049 /* Even Or Odd */ = {isa = PBXFileReference; explicitFileType = "compiled.mach-o.executable"; includeInIndex = 0; path = "Even Or Odd"; sourceTree = BUILT_PRODUCTS_DIR; };
		8A9688C52D9ABFDF00B3B049 /* main.c */ = {isa = PBXFileReference; lastKnownFileType = sourcecode.c.c; path = main.c; sourceTree = "<group>"; };
		8A97BD622D974B5A00EA5510 /* GCD */ = {isa = PBXFileReference; explicitFileType = "compiled.mach-o.executable"; includeInIndex = 0; path = GCD; sourceTree = BUILT_PRODUCTS_DIR; };
		8A97BD642D974B5A00EA5510 /* main.c */ = {isa = PBXFileReference; lastKnownFileType = sourcecode.c.c; path = main.c; sourceTree = "<group>"; };
		8A980EAA2D97609F00BFFBB2 /* Sieve of Eratosthenes */ = {isa = PBXFileReference; explicitFileType = "compiled.mach-o.executable"; includeInIndex = 0; path = "Sieve of Eratosthenes"; sourceTree = BUILT_PRODUCTS_DIR; };
		8A980EAC2D97609F00BFFBB2 /* main.c */ = {isa = PBXFileReference; lastKnownFileType = sourcecode.c.c; path = main.c; sourceTree = "<group>"; };
		8A980EB52D97C2ED00BFFBB2 /* Integer To Roman */ = {isa = PBXFileReference; explicitFileType = "compiled.mach-o.executable"; includeInIndex = 0; path = "Integer To Roman"; sourceTree = BUILT_PRODUCTS_DIR; };
		8A980EB72D97C2ED00BFFBB2 /* main.c */ = {isa = PBXFileReference; lastKnownFileType = sourcecode.c.c; path = main.c; sourceTree = "<group>"; };
		8A9A25D22D943BCF0056BA18 /* Binary To Decimal */ = {isa = PBXFileReference; explicitFileType = "compiled.mach-o.executable"; includeInIndex = 0; path = "Binary To Decimal"; sourceTree = BUILT_PRODUCTS_DIR; };
		8A9A25D42D943BCF0056BA18 /* main.c */ = {isa = PBXFileReference; lastKnownFileType = sourcecode.c.c; path = main.c; sourceTree = "<group>"; };
		8A9BDA5F2D94DEB3006D5B57 /* ReverseNumber */ = {isa = PBXFileReference; explicitFileType = "compiled.mach-o.executable"; includeInIndex = 0; path = ReverseNumber; sourceTree = BUILT_PRODUCTS_DIR; };
		8A9BDA612D94DEB3006D5B57 /* main.c */ = {isa = PBXFileReference; lastKnownFileType = sourcecode.c.c; path = main.c; sourceTree = "<group>"; };
		8A9D2A1A2D95A1070025260B /* Prime Number Check */ = {isa = PBXFileReference; explicitFileType = "compiled.mach-o.executable"; includeInIndex = 0; path = "Prime Number Check"; sourceTree = BUILT_PRODUCTS_DIR; };
		8A9D2A1C2D95A1070025260B /* main.c */ = {isa = PBXFileReference; lastKnownFileType = sourcecode.c.c; path = main.c; sourceTree = "<group>"; };
		8A9E81032D9665290012840E /* Roman To Integer */ = {isa = PBXFileReference; explicitFileType = "compiled.mach-o.executable"; includeInIndex = 0; path = "Roman To Integer"; sourceTree = BUILT_PRODUCTS_DIR; };
		8A9E81052D9665290012840E /* main.c */ = {isa = PBXFileReference; lastKnownFileType = sourcecode.c.c; path = main.c; sourceTree = "<group>"; };
		8A9E810B2D96BD6B0012840E /* Leetcode Solution.c */ = {isa = PBXFileReference; lastKnownFileType = sourcecode.c.c; path = "Leetcode Solution.c"; sourceTree = "<group>"; };
		8AA2ADB12D940BD100CDCECC /* Problem-solving */ = {isa = PBXFileReference; explicitFileType = "compiled.mach-o.executable"; includeInIndex = 0; path = "Problem-solving"; sourceTree = BUILT_PRODUCTS_DIR; };
/* End PBXFileReference section */

/* Begin PBXFrameworksBuildPhase section */
		8A60313C2D940C9C0072FE9F /* Frameworks */ = {
			isa = PBXFrameworksBuildPhase;
			buildActionMask = 2147483647;
			files = (
			);
			runOnlyForDeploymentPostprocessing = 0;
		};
		8A9688C02D9ABFDF00B3B049 /* Frameworks */ = {
			isa = PBXFrameworksBuildPhase;
			buildActionMask = 2147483647;
			files = (
			);
			runOnlyForDeploymentPostprocessing = 0;
		};
		8A97BD5F2D974B5A00EA5510 /* Frameworks */ = {
			isa = PBXFrameworksBuildPhase;
			buildActionMask = 2147483647;
			files = (
			);
			runOnlyForDeploymentPostprocessing = 0;
		};
		8A980EA72D97609F00BFFBB2 /* Frameworks */ = {
			isa = PBXFrameworksBuildPhase;
			buildActionMask = 2147483647;
			files = (
			);
			runOnlyForDeploymentPostprocessing = 0;
		};
		8A980EB22D97C2ED00BFFBB2 /* Frameworks */ = {
			isa = PBXFrameworksBuildPhase;
			buildActionMask = 2147483647;
			files = (
			);
			runOnlyForDeploymentPostprocessing = 0;
		};
		8A9A25CF2D943BCF0056BA18 /* Frameworks */ = {
			isa = PBXFrameworksBuildPhase;
			buildActionMask = 2147483647;
			files = (
			);
			runOnlyForDeploymentPostprocessing = 0;
		};
		8A9BDA5C2D94DEB3006D5B57 /* Frameworks */ = {
			isa = PBXFrameworksBuildPhase;
			buildActionMask = 2147483647;
			files = (
			);
			runOnlyForDeploymentPostprocessing = 0;
		};
		8A9D2A172D95A1070025260B /* Frameworks */ = {
			isa = PBXFrameworksBuildPhase;
			buildActionMask = 2147483647;
			files = (
			);
			runOnlyForDeploymentPostprocessing = 0;
		};
		8A9E81002D9665290012840E /* Frameworks */ = {
			isa = PBXFrameworksBuildPhase;
			buildActionMask = 2147483647;
			files = (
			);
			runOnlyForDeploymentPostprocessing = 0;
		};
		8AA2ADAE2D940BD100CDCECC /* Frameworks */ = {
			isa = PBXFrameworksBuildPhase;
			buildActionMask = 2147483647;
			files = (
			);
			runOnlyForDeploymentPostprocessing = 0;
		};
/* End PBXFrameworksBuildPhase section */

/* Begin PBXGroup section */
		8A6031402D940C9C0072FE9F /* DecimalToBinary */ = {
			isa = PBXGroup;
			children = (
				8A6031412D940C9C0072FE9F /* main.c */,
			);
			path = DecimalToBinary;
			sourceTree = "<group>";
		};
		8A9688C42D9ABFDF00B3B049 /* Even Or Odd */ = {
			isa = PBXGroup;
			children = (
				8A9688C52D9ABFDF00B3B049 /* main.c */,
			);
			path = "Even Or Odd";
			sourceTree = "<group>";
		};
		8A97BD632D974B5A00EA5510 /* GCD */ = {
			isa = PBXGroup;
			children = (
				8A97BD642D974B5A00EA5510 /* main.c */,
			);
			path = GCD;
			sourceTree = "<group>";
		};
		8A980EAB2D97609F00BFFBB2 /* Sieve of Eratosthenes */ = {
			isa = PBXGroup;
			children = (
				8A980EAC2D97609F00BFFBB2 /* main.c */,
			);
			path = "Sieve of Eratosthenes";
			sourceTree = "<group>";
		};
		8A980EB62D97C2ED00BFFBB2 /* Integer To Roman */ = {
			isa = PBXGroup;
			children = (
				8A980EB72D97C2ED00BFFBB2 /* main.c */,
				8A7295952D99B76B0066DE5D /* LeetCode.h */,
				8A7295962D99B76B0066DE5D /* LeetCode.c */,
			);
			path = "Integer To Roman";
			sourceTree = "<group>";
		};
		8A9A25D32D943BCF0056BA18 /* Binary To Decimal */ = {
			isa = PBXGroup;
			children = (
				8A9A25D42D943BCF0056BA18 /* main.c */,
			);
			path = "Binary To Decimal";
			sourceTree = "<group>";
		};
		8A9BDA602D94DEB3006D5B57 /* ReverseNumber */ = {
			isa = PBXGroup;
			children = (
				8A9BDA612D94DEB3006D5B57 /* main.c */,
			);
			path = ReverseNumber;
			sourceTree = "<group>";
		};
		8A9D2A1B2D95A1070025260B /* Prime Number Check */ = {
			isa = PBXGroup;
			children = (
				8A9D2A1C2D95A1070025260B /* main.c */,
			);
			path = "Prime Number Check";
			sourceTree = "<group>";
		};
		8A9E81042D9665290012840E /* Roman To Integer */ = {
			isa = PBXGroup;
			children = (
				8A9E81052D9665290012840E /* main.c */,
				8A9E810B2D96BD6B0012840E /* Leetcode Solution.c */,
			);
			path = "Roman To Integer";
			sourceTree = "<group>";
		};
		8AA2ADA82D940BD100CDCECC = {
			isa = PBXGroup;
			children = (
				8A6031402D940C9C0072FE9F /* DecimalToBinary */,
				8A9A25D32D943BCF0056BA18 /* Binary To Decimal */,
				8A9BDA602D94DEB3006D5B57 /* ReverseNumber */,
				8A9D2A1B2D95A1070025260B /* Prime Number Check */,
				8A9E81042D9665290012840E /* Roman To Integer */,
				8A97BD632D974B5A00EA5510 /* GCD */,
				8A980EAB2D97609F00BFFBB2 /* Sieve of Eratosthenes */,
				8A980EB62D97C2ED00BFFBB2 /* Integer To Roman */,
				8A9688C42D9ABFDF00B3B049 /* Even Or Odd */,
				8AA2ADB22D940BD100CDCECC /* Products */,
			);
			sourceTree = "<group>";
		};
		8AA2ADB22D940BD100CDCECC /* Products */ = {
			isa = PBXGroup;
			children = (
				8AA2ADB12D940BD100CDCECC /* Problem-solving */,
				8A60313F2D940C9C0072FE9F /* BinaryToDecimal */,
				8A9A25D22D943BCF0056BA18 /* Binary To Decimal */,
				8A9BDA5F2D94DEB3006D5B57 /* ReverseNumber */,
				8A9D2A1A2D95A1070025260B /* Prime Number Check */,
				8A9E81032D9665290012840E /* Roman To Integer */,
				8A97BD622D974B5A00EA5510 /* GCD */,
				8A980EAA2D97609F00BFFBB2 /* Sieve of Eratosthenes */,
				8A980EB52D97C2ED00BFFBB2 /* Integer To Roman */,
				8A9688C32D9ABFDF00B3B049 /* Even Or Odd */,
			);
			name = Products;
			sourceTree = "<group>";
		};
/* End PBXGroup section */

/* Begin PBXNativeTarget section */
		8A60313E2D940C9C0072FE9F /* BinaryToDecimal */ = {
			isa = PBXNativeTarget;
			buildConfigurationList = 8A6031432D940C9C0072FE9F /* Build configuration list for PBXNativeTarget "BinaryToDecimal" */;
			buildPhases = (
				8A60313B2D940C9C0072FE9F /* Sources */,
				8A60313C2D940C9C0072FE9F /* Frameworks */,
				8A60313D2D940C9C0072FE9F /* CopyFiles */,
			);
			buildRules = (
			);
			dependencies = (
			);
			name = BinaryToDecimal;
			productName = BinaryToDecimal;
			productReference = 8A60313F2D940C9C0072FE9F /* BinaryToDecimal */;
			productType = "com.apple.product-type.tool";
		};
		8A9688C22D9ABFDF00B3B049 /* Even Or Odd */ = {
			isa = PBXNativeTarget;
			buildConfigurationList = 8A9688C92D9ABFDF00B3B049 /* Build configuration list for PBXNativeTarget "Even Or Odd" */;
			buildPhases = (
				8A9688BF2D9ABFDF00B3B049 /* Sources */,
				8A9688C02D9ABFDF00B3B049 /* Frameworks */,
				8A9688C12D9ABFDF00B3B049 /* CopyFiles */,
			);
			buildRules = (
			);
			dependencies = (
			);
			name = "Even Or Odd";
			productName = "Even Or Odd";
			productReference = 8A9688C32D9ABFDF00B3B049 /* Even Or Odd */;
			productType = "com.apple.product-type.tool";
		};
		8A97BD612D974B5A00EA5510 /* GCD */ = {
			isa = PBXNativeTarget;
			buildConfigurationList = 8A97BD682D974B5A00EA5510 /* Build configuration list for PBXNativeTarget "GCD" */;
			buildPhases = (
				8A97BD5E2D974B5A00EA5510 /* Sources */,
				8A97BD5F2D974B5A00EA5510 /* Frameworks */,
				8A97BD602D974B5A00EA5510 /* CopyFiles */,
			);
			buildRules = (
			);
			dependencies = (
			);
			name = GCD;
			productName = GCD;
			productReference = 8A97BD622D974B5A00EA5510 /* GCD */;
			productType = "com.apple.product-type.tool";
		};
		8A980EA92D97609F00BFFBB2 /* Sieve of Eratosthenes */ = {
			isa = PBXNativeTarget;
			buildConfigurationList = 8A980EB02D97609F00BFFBB2 /* Build configuration list for PBXNativeTarget "Sieve of Eratosthenes" */;
			buildPhases = (
				8A980EA62D97609F00BFFBB2 /* Sources */,
				8A980EA72D97609F00BFFBB2 /* Frameworks */,
				8A980EA82D97609F00BFFBB2 /* CopyFiles */,
			);
			buildRules = (
			);
			dependencies = (
			);
			name = "Sieve of Eratosthenes";
			productName = "Sieve of Eratosthenes";
			productReference = 8A980EAA2D97609F00BFFBB2 /* Sieve of Eratosthenes */;
			productType = "com.apple.product-type.tool";
		};
		8A980EB42D97C2ED00BFFBB2 /* Integer To Roman */ = {
			isa = PBXNativeTarget;
			buildConfigurationList = 8A980EBB2D97C2ED00BFFBB2 /* Build configuration list for PBXNativeTarget "Integer To Roman" */;
			buildPhases = (
				8A980EB12D97C2ED00BFFBB2 /* Sources */,
				8A980EB22D97C2ED00BFFBB2 /* Frameworks */,
				8A980EB32D97C2ED00BFFBB2 /* CopyFiles */,
			);
			buildRules = (
			);
			dependencies = (
			);
			name = "Integer To Roman";
			productName = "Integer To Roman";
			productReference = 8A980EB52D97C2ED00BFFBB2 /* Integer To Roman */;
			productType = "com.apple.product-type.tool";
		};
		8A9A25D12D943BCF0056BA18 /* Binary To Decimal */ = {
			isa = PBXNativeTarget;
			buildConfigurationList = 8A9A25D82D943BCF0056BA18 /* Build configuration list for PBXNativeTarget "Binary To Decimal" */;
			buildPhases = (
				8A9A25CE2D943BCF0056BA18 /* Sources */,
				8A9A25CF2D943BCF0056BA18 /* Frameworks */,
				8A9A25D02D943BCF0056BA18 /* CopyFiles */,
			);
			buildRules = (
			);
			dependencies = (
			);
			name = "Binary To Decimal";
			productName = "Binary To Decimal";
			productReference = 8A9A25D22D943BCF0056BA18 /* Binary To Decimal */;
			productType = "com.apple.product-type.tool";
		};
		8A9BDA5E2D94DEB3006D5B57 /* ReverseNumber */ = {
			isa = PBXNativeTarget;
			buildConfigurationList = 8A9BDA652D94DEB3006D5B57 /* Build configuration list for PBXNativeTarget "ReverseNumber" */;
			buildPhases = (
				8A9BDA5B2D94DEB3006D5B57 /* Sources */,
				8A9BDA5C2D94DEB3006D5B57 /* Frameworks */,
				8A9BDA5D2D94DEB3006D5B57 /* CopyFiles */,
			);
			buildRules = (
			);
			dependencies = (
			);
			name = ReverseNumber;
			productName = ReverseNumber;
			productReference = 8A9BDA5F2D94DEB3006D5B57 /* ReverseNumber */;
			productType = "com.apple.product-type.tool";
		};
		8A9D2A192D95A1070025260B /* Prime Number Check */ = {
			isa = PBXNativeTarget;
			buildConfigurationList = 8A9D2A202D95A1070025260B /* Build configuration list for PBXNativeTarget "Prime Number Check" */;
			buildPhases = (
				8A9D2A162D95A1070025260B /* Sources */,
				8A9D2A172D95A1070025260B /* Frameworks */,
				8A9D2A182D95A1070025260B /* CopyFiles */,
			);
			buildRules = (
			);
			dependencies = (
			);
			name = "Prime Number Check";
			productName = "Prime Number Check";
			productReference = 8A9D2A1A2D95A1070025260B /* Prime Number Check */;
			productType = "com.apple.product-type.tool";
		};
		8A9E81022D9665290012840E /* Roman To Integer */ = {
			isa = PBXNativeTarget;
			buildConfigurationList = 8A9E81092D9665290012840E /* Build configuration list for PBXNativeTarget "Roman To Integer" */;
			buildPhases = (
				8A9E80FF2D9665290012840E /* Sources */,
				8A9E81002D9665290012840E /* Frameworks */,
				8A9E81012D9665290012840E /* CopyFiles */,
			);
			buildRules = (
			);
			dependencies = (
			);
			name = "Roman To Integer";
			productName = "Roman To Integer";
			productReference = 8A9E81032D9665290012840E /* Roman To Integer */;
			productType = "com.apple.product-type.tool";
		};
		8AA2ADB02D940BD100CDCECC /* Problem-solving */ = {
			isa = PBXNativeTarget;
			buildConfigurationList = 8AA2ADB82D940BD100CDCECC /* Build configuration list for PBXNativeTarget "Problem-solving" */;
			buildPhases = (
				8AA2ADAD2D940BD100CDCECC /* Sources */,
				8AA2ADAE2D940BD100CDCECC /* Frameworks */,
				8AA2ADAF2D940BD100CDCECC /* CopyFiles */,
			);
			buildRules = (
			);
			dependencies = (
			);
			name = "Problem-solving";
			productName = "Problem-solving";
			productReference = 8AA2ADB12D940BD100CDCECC /* Problem-solving */;
			productType = "com.apple.product-type.tool";
		};
/* End PBXNativeTarget section */

/* Begin PBXProject section */
		8AA2ADA92D940BD100CDCECC /* Project object */ = {
			isa = PBXProject;
			attributes = {
				BuildIndependentTargetsInParallel = 1;
				LastUpgradeCheck = 1500;
				TargetAttributes = {
					8A60313E2D940C9C0072FE9F = {
						CreatedOnToolsVersion = 15.0.1;
					};
					8A9688C22D9ABFDF00B3B049 = {
						CreatedOnToolsVersion = 15.0.1;
					};
					8A97BD612D974B5A00EA5510 = {
						CreatedOnToolsVersion = 15.0.1;
					};
					8A980EA92D97609F00BFFBB2 = {
						CreatedOnToolsVersion = 15.0.1;
					};
					8A980EB42D97C2ED00BFFBB2 = {
						CreatedOnToolsVersion = 15.0.1;
					};
					8A9A25D12D943BCF0056BA18 = {
						CreatedOnToolsVersion = 15.0.1;
					};
					8A9BDA5E2D94DEB3006D5B57 = {
						CreatedOnToolsVersion = 15.0.1;
					};
					8A9D2A192D95A1070025260B = {
						CreatedOnToolsVersion = 15.0.1;
					};
					8A9E81022D9665290012840E = {
						CreatedOnToolsVersion = 15.0.1;
					};
					8AA2ADB02D940BD100CDCECC = {
						CreatedOnToolsVersion = 15.0.1;
					};
				};
			};
			buildConfigurationList = 8AA2ADAC2D940BD100CDCECC /* Build configuration list for PBXProject "Problem-solving" */;
			compatibilityVersion = "Xcode 14.0";
			developmentRegion = en;
			hasScannedForEncodings = 0;
			knownRegions = (
				en,
				Base,
			);
			mainGroup = 8AA2ADA82D940BD100CDCECC;
			productRefGroup = 8AA2ADB22D940BD100CDCECC /* Products */;
			projectDirPath = "";
			projectRoot = "";
			targets = (
				8AA2ADB02D940BD100CDCECC /* Problem-solving */,
				8A60313E2D940C9C0072FE9F /* BinaryToDecimal */,
				8A9A25D12D943BCF0056BA18 /* Binary To Decimal */,
				8A9BDA5E2D94DEB3006D5B57 /* ReverseNumber */,
				8A9D2A192D95A1070025260B /* Prime Number Check */,
				8A9E81022D9665290012840E /* Roman To Integer */,
				8A97BD612D974B5A00EA5510 /* GCD */,
				8A980EA92D97609F00BFFBB2 /* Sieve of Eratosthenes */,
				8A980EB42D97C2ED00BFFBB2 /* Integer To Roman */,
				8A9688C22D9ABFDF00B3B049 /* Even Or Odd */,
			);
		};
/* End PBXProject section */

/* Begin PBXSourcesBuildPhase section */
		8A60313B2D940C9C0072FE9F /* Sources */ = {
			isa = PBXSourcesBuildPhase;
			buildActionMask = 2147483647;
			files = (
				8A6031422D940C9C0072FE9F /* main.c in Sources */,
			);
			runOnlyForDeploymentPostprocessing = 0;
		};
		8A9688BF2D9ABFDF00B3B049 /* Sources */ = {
			isa = PBXSourcesBuildPhase;
			buildActionMask = 2147483647;
			files = (
				8A9688C62D9ABFDF00B3B049 /* main.c in Sources */,
			);
			runOnlyForDeploymentPostprocessing = 0;
		};
		8A97BD5E2D974B5A00EA5510 /* Sources */ = {
			isa = PBXSourcesBuildPhase;
			buildActionMask = 2147483647;
			files = (
				8A97BD652D974B5A00EA5510 /* main.c in Sources */,
			);
			runOnlyForDeploymentPostprocessing = 0;
		};
		8A980EA62D97609F00BFFBB2 /* Sources */ = {
			isa = PBXSourcesBuildPhase;
			buildActionMask = 2147483647;
			files = (
				8A980EAD2D97609F00BFFBB2 /* main.c in Sources */,
			);
			runOnlyForDeploymentPostprocessing = 0;
		};
		8A980EB12D97C2ED00BFFBB2 /* Sources */ = {
			isa = PBXSourcesBuildPhase;
			buildActionMask = 2147483647;
			files = (
				8A7295972D99B76B0066DE5D /* LeetCode.c in Sources */,
				8A980EB82D97C2ED00BFFBB2 /* main.c in Sources */,
			);
			runOnlyForDeploymentPostprocessing = 0;
		};
		8A9A25CE2D943BCF0056BA18 /* Sources */ = {
			isa = PBXSourcesBuildPhase;
			buildActionMask = 2147483647;
			files = (
				8A9A25D52D943BCF0056BA18 /* main.c in Sources */,
			);
			runOnlyForDeploymentPostprocessing = 0;
		};
		8A9BDA5B2D94DEB3006D5B57 /* Sources */ = {
			isa = PBXSourcesBuildPhase;
			buildActionMask = 2147483647;
			files = (
				8A9BDA622D94DEB3006D5B57 /* main.c in Sources */,
			);
			runOnlyForDeploymentPostprocessing = 0;
		};
		8A9D2A162D95A1070025260B /* Sources */ = {
			isa = PBXSourcesBuildPhase;
			buildActionMask = 2147483647;
			files = (
				8A9D2A1D2D95A1070025260B /* main.c in Sources */,
			);
			runOnlyForDeploymentPostprocessing = 0;
		};
		8A9E80FF2D9665290012840E /* Sources */ = {
			isa = PBXSourcesBuildPhase;
			buildActionMask = 2147483647;
			files = (
				8A9E810C2D96BD6B0012840E /* Leetcode Solution.c in Sources */,
				8A9E81062D9665290012840E /* main.c in Sources */,
			);
			runOnlyForDeploymentPostprocessing = 0;
		};
		8AA2ADAD2D940BD100CDCECC /* Sources */ = {
			isa = PBXSourcesBuildPhase;
			buildActionMask = 2147483647;
			files = (
			);
			runOnlyForDeploymentPostprocessing = 0;
		};
/* End PBXSourcesBuildPhase section */

/* Begin XCBuildConfiguration section */
		8A6031442D940C9C0072FE9F /* Debug */ = {
			isa = XCBuildConfiguration;
			buildSettings = {
				CODE_SIGN_STYLE = Automatic;
				PRODUCT_NAME = "$(TARGET_NAME)";
			};
			name = Debug;
		};
		8A6031452D940C9C0072FE9F /* Release */ = {
			isa = XCBuildConfiguration;
			buildSettings = {
				CODE_SIGN_STYLE = Automatic;
				PRODUCT_NAME = "$(TARGET_NAME)";
			};
			name = Release;
		};
		8A9688C72D9ABFDF00B3B049 /* Debug */ = {
			isa = XCBuildConfiguration;
			buildSettings = {
				CODE_SIGN_STYLE = Automatic;
				PRODUCT_NAME = "$(TARGET_NAME)";
			};
			name = Debug;
		};
		8A9688C82D9ABFDF00B3B049 /* Release */ = {
			isa = XCBuildConfiguration;
			buildSettings = {
				CODE_SIGN_STYLE = Automatic;
				PRODUCT_NAME = "$(TARGET_NAME)";
			};
			name = Release;
		};
		8A97BD662D974B5A00EA5510 /* Debug */ = {
			isa = XCBuildConfiguration;
			buildSettings = {
				CODE_SIGN_STYLE = Automatic;
				PRODUCT_NAME = "$(TARGET_NAME)";
			};
			name = Debug;
		};
		8A97BD672D974B5A00EA5510 /* Release */ = {
			isa = XCBuildConfiguration;
			buildSettings = {
				CODE_SIGN_STYLE = Automatic;
				PRODUCT_NAME = "$(TARGET_NAME)";
			};
			name = Release;
		};
		8A980EAE2D97609F00BFFBB2 /* Debug */ = {
			isa = XCBuildConfiguration;
			buildSettings = {
				CODE_SIGN_STYLE = Automatic;
				PRODUCT_NAME = "$(TARGET_NAME)";
			};
			name = Debug;
		};
		8A980EAF2D97609F00BFFBB2 /* Release */ = {
			isa = XCBuildConfiguration;
			buildSettings = {
				CODE_SIGN_STYLE = Automatic;
				PRODUCT_NAME = "$(TARGET_NAME)";
			};
			name = Release;
		};
		8A980EB92D97C2ED00BFFBB2 /* Debug */ = {
			isa = XCBuildConfiguration;
			buildSettings = {
				CODE_SIGN_STYLE = Automatic;
				PRODUCT_NAME = "$(TARGET_NAME)";
			};
			name = Debug;
		};
		8A980EBA2D97C2ED00BFFBB2 /* Release */ = {
			isa = XCBuildConfiguration;
			buildSettings = {
				CODE_SIGN_STYLE = Automatic;
				PRODUCT_NAME = "$(TARGET_NAME)";
			};
			name = Release;
		};
		8A9A25D62D943BCF0056BA18 /* Debug */ = {
			isa = XCBuildConfiguration;
			buildSettings = {
				CODE_SIGN_STYLE = Automatic;
				PRODUCT_NAME = "$(TARGET_NAME)";
			};
			name = Debug;
		};
		8A9A25D72D943BCF0056BA18 /* Release */ = {
			isa = XCBuildConfiguration;
			buildSettings = {
				CODE_SIGN_STYLE = Automatic;
				PRODUCT_NAME = "$(TARGET_NAME)";
			};
			name = Release;
		};
		8A9BDA632D94DEB3006D5B57 /* Debug */ = {
			isa = XCBuildConfiguration;
			buildSettings = {
				CODE_SIGN_STYLE = Automatic;
				PRODUCT_NAME = "$(TARGET_NAME)";
			};
			name = Debug;
		};
		8A9BDA642D94DEB3006D5B57 /* Release */ = {
			isa = XCBuildConfiguration;
			buildSettings = {
				CODE_SIGN_STYLE = Automatic;
				PRODUCT_NAME = "$(TARGET_NAME)";
			};
			name = Release;
		};
		8A9D2A1E2D95A1070025260B /* Debug */ = {
			isa = XCBuildConfiguration;
			buildSettings = {
				CODE_SIGN_STYLE = Automatic;
				PRODUCT_NAME = "$(TARGET_NAME)";
			};
			name = Debug;
		};
		8A9D2A1F2D95A1070025260B /* Release */ = {
			isa = XCBuildConfiguration;
			buildSettings = {
				CODE_SIGN_STYLE = Automatic;
				PRODUCT_NAME = "$(TARGET_NAME)";
			};
			name = Release;
		};
		8A9E81072D9665290012840E /* Debug */ = {
			isa = XCBuildConfiguration;
			buildSettings = {
				CODE_SIGN_STYLE = Automatic;
				PRODUCT_NAME = "$(TARGET_NAME)";
			};
			name = Debug;
		};
		8A9E81082D9665290012840E /* Release */ = {
			isa = XCBuildConfiguration;
			buildSettings = {
				CODE_SIGN_STYLE = Automatic;
				PRODUCT_NAME = "$(TARGET_NAME)";
			};
			name = Release;
		};
		8AA2ADB62D940BD100CDCECC /* Debug */ = {
			isa = XCBuildConfiguration;
			buildSettings = {
				ALWAYS_SEARCH_USER_PATHS = NO;
				ASSETCATALOG_COMPILER_GENERATE_SWIFT_ASSET_SYMBOL_EXTENSIONS = YES;
				CLANG_ANALYZER_NONNULL = YES;
				CLANG_ANALYZER_NUMBER_OBJECT_CONVERSION = YES_AGGRESSIVE;
				CLANG_CXX_LANGUAGE_STANDARD = "gnu++20";
				CLANG_ENABLE_MODULES = YES;
				CLANG_ENABLE_OBJC_ARC = YES;
				CLANG_ENABLE_OBJC_WEAK = YES;
				CLANG_WARN_BLOCK_CAPTURE_AUTORELEASING = YES;
				CLANG_WARN_BOOL_CONVERSION = YES;
				CLANG_WARN_COMMA = YES;
				CLANG_WARN_CONSTANT_CONVERSION = YES;
				CLANG_WARN_DEPRECATED_OBJC_IMPLEMENTATIONS = YES;
				CLANG_WARN_DIRECT_OBJC_ISA_USAGE = YES_ERROR;
				CLANG_WARN_DOCUMENTATION_COMMENTS = YES;
				CLANG_WARN_EMPTY_BODY = YES;
				CLANG_WARN_ENUM_CONVERSION = YES;
				CLANG_WARN_INFINITE_RECURSION = YES;
				CLANG_WARN_INT_CONVERSION = YES;
				CLANG_WARN_NON_LITERAL_NULL_CONVERSION = YES;
				CLANG_WARN_OBJC_IMPLICIT_RETAIN_SELF = YES;
				CLANG_WARN_OBJC_LITERAL_CONVERSION = YES;
				CLANG_WARN_OBJC_ROOT_CLASS = YES_ERROR;
				CLANG_WARN_QUOTED_INCLUDE_IN_FRAMEWORK_HEADER = YES;
				CLANG_WARN_RANGE_LOOP_ANALYSIS = YES;
				CLANG_WARN_STRICT_PROTOTYPES = YES;
				CLANG_WARN_SUSPICIOUS_MOVE = YES;
				CLANG_WARN_UNGUARDED_AVAILABILITY = YES_AGGRESSIVE;
				CLANG_WARN_UNREACHABLE_CODE = YES;
				CLANG_WARN__DUPLICATE_METHOD_MATCH = YES;
				COPY_PHASE_STRIP = NO;
				DEBUG_INFORMATION_FORMAT = dwarf;
				ENABLE_STRICT_OBJC_MSGSEND = YES;
				ENABLE_TESTABILITY = YES;
				ENABLE_USER_SCRIPT_SANDBOXING = YES;
				GCC_C_LANGUAGE_STANDARD = gnu17;
				GCC_DYNAMIC_NO_PIC = NO;
				GCC_NO_COMMON_BLOCKS = YES;
				GCC_OPTIMIZATION_LEVEL = 0;
				GCC_PREPROCESSOR_DEFINITIONS = (
					"DEBUG=1",
					"$(inherited)",
				);
				GCC_WARN_64_TO_32_BIT_CONVERSION = YES;
				GCC_WARN_ABOUT_RETURN_TYPE = YES_ERROR;
				GCC_WARN_UNDECLARED_SELECTOR = YES;
				GCC_WARN_UNINITIALIZED_AUTOS = YES_AGGRESSIVE;
				GCC_WARN_UNUSED_FUNCTION = YES;
				GCC_WARN_UNUSED_VARIABLE = YES;
				LOCALIZATION_PREFERS_STRING_CATALOGS = YES;
				MACOSX_DEPLOYMENT_TARGET = 13.6;
				MTL_ENABLE_DEBUG_INFO = INCLUDE_SOURCE;
				MTL_FAST_MATH = YES;
				ONLY_ACTIVE_ARCH = YES;
				SDKROOT = macosx;
			};
			name = Debug;
		};
		8AA2ADB72D940BD100CDCECC /* Release */ = {
			isa = XCBuildConfiguration;
			buildSettings = {
				ALWAYS_SEARCH_USER_PATHS = NO;
				ASSETCATALOG_COMPILER_GENERATE_SWIFT_ASSET_SYMBOL_EXTENSIONS = YES;
				CLANG_ANALYZER_NONNULL = YES;
				CLANG_ANALYZER_NUMBER_OBJECT_CONVERSION = YES_AGGRESSIVE;
				CLANG_CXX_LANGUAGE_STANDARD = "gnu++20";
				CLANG_ENABLE_MODULES = YES;
				CLANG_ENABLE_OBJC_ARC = YES;
				CLANG_ENABLE_OBJC_WEAK = YES;
				CLANG_WARN_BLOCK_CAPTURE_AUTORELEASING = YES;
				CLANG_WARN_BOOL_CONVERSION = YES;
				CLANG_WARN_COMMA = YES;
				CLANG_WARN_CONSTANT_CONVERSION = YES;
				CLANG_WARN_DEPRECATED_OBJC_IMPLEMENTATIONS = YES;
				CLANG_WARN_DIRECT_OBJC_ISA_USAGE = YES_ERROR;
				CLANG_WARN_DOCUMENTATION_COMMENTS = YES;
				CLANG_WARN_EMPTY_BODY = YES;
				CLANG_WARN_ENUM_CONVERSION = YES;
				CLANG_WARN_INFINITE_RECURSION = YES;
				CLANG_WARN_INT_CONVERSION = YES;
				CLANG_WARN_NON_LITERAL_NULL_CONVERSION = YES;
				CLANG_WARN_OBJC_IMPLICIT_RETAIN_SELF = YES;
				CLANG_WARN_OBJC_LITERAL_CONVERSION = YES;
				CLANG_WARN_OBJC_ROOT_CLASS = YES_ERROR;
				CLANG_WARN_QUOTED_INCLUDE_IN_FRAMEWORK_HEADER = YES;
				CLANG_WARN_RANGE_LOOP_ANALYSIS = YES;
				CLANG_WARN_STRICT_PROTOTYPES = YES;
				CLANG_WARN_SUSPICIOUS_MOVE = YES;
				CLANG_WARN_UNGUARDED_AVAILABILITY = YES_AGGRESSIVE;
				CLANG_WARN_UNREACHABLE_CODE = YES;
				CLANG_WARN__DUPLICATE_METHOD_MATCH = YES;
				COPY_PHASE_STRIP = NO;
				DEBUG_INFORMATION_FORMAT = "dwarf-with-dsym";
				ENABLE_NS_ASSERTIONS = NO;
				ENABLE_STRICT_OBJC_MSGSEND = YES;
				ENABLE_USER_SCRIPT_SANDBOXING = YES;
				GCC_C_LANGUAGE_STANDARD = gnu17;
				GCC_NO_COMMON_BLOCKS = YES;
				GCC_WARN_64_TO_32_BIT_CONVERSION = YES;
				GCC_WARN_ABOUT_RETURN_TYPE = YES_ERROR;
				GCC_WARN_UNDECLARED_SELECTOR = YES;
				GCC_WARN_UNINITIALIZED_AUTOS = YES_AGGRESSIVE;
				GCC_WARN_UNUSED_FUNCTION = YES;
				GCC_WARN_UNUSED_VARIABLE = YES;
				LOCALIZATION_PREFERS_STRING_CATALOGS = YES;
				MACOSX_DEPLOYMENT_TARGET = 13.6;
				MTL_ENABLE_DEBUG_INFO = NO;
				MTL_FAST_MATH = YES;
				SDKROOT = macosx;
			};
			name = Release;
		};
		8AA2ADB92D940BD100CDCECC /* Debug */ = {
			isa = XCBuildConfiguration;
			buildSettings = {
				CODE_SIGN_STYLE = Automatic;
				PRODUCT_NAME = "$(TARGET_NAME)";
			};
			name = Debug;
		};
		8AA2ADBA2D940BD100CDCECC /* Release */ = {
			isa = XCBuildConfiguration;
			buildSettings = {
				CODE_SIGN_STYLE = Automatic;
				PRODUCT_NAME = "$(TARGET_NAME)";
			};
			name = Release;
		};
/* End XCBuildConfiguration section */

/* Begin XCConfigurationList section */
		8A6031432D940C9C0072FE9F /* Build configuration list for PBXNativeTarget "BinaryToDecimal" */ = {
			isa = XCConfigurationList;
			buildConfigurations = (
				8A6031442D940C9C0072FE9F /* Debug */,
				8A6031452D940C9C0072FE9F /* Release */,
			);
			defaultConfigurationIsVisible = 0;
			defaultConfigurationName = Release;
		};
		8A9688C92D9ABFDF00B3B049 /* Build configuration list for PBXNativeTarget "Even Or Odd" */ = {
			isa = XCConfigurationList;
			buildConfigurations = (
				8A9688C72D9ABFDF00B3B049 /* Debug */,
				8A9688C82D9ABFDF00B3B049 /* Release */,
			);
			defaultConfigurationIsVisible = 0;
			defaultConfigurationName = Release;
		};
		8A97BD682D974B5A00EA5510 /* Build configuration list for PBXNativeTarget "GCD" */ = {
			isa = XCConfigurationList;
			buildConfigurations = (
				8A97BD662D974B5A00EA5510 /* Debug */,
				8A97BD672D974B5A00EA5510 /* Release */,
			);
			defaultConfigurationIsVisible = 0;
			defaultConfigurationName = Release;
		};
		8A980EB02D97609F00BFFBB2 /* Build configuration list for PBXNativeTarget "Sieve of Eratosthenes" */ = {
			isa = XCConfigurationList;
			buildConfigurations = (
				8A980EAE2D97609F00BFFBB2 /* Debug */,
				8A980EAF2D97609F00BFFBB2 /* Release */,
			);
			defaultConfigurationIsVisible = 0;
			defaultConfigurationName = Release;
		};
		8A980EBB2D97C2ED00BFFBB2 /* Build configuration list for PBXNativeTarget "Integer To Roman" */ = {
			isa = XCConfigurationList;
			buildConfigurations = (
				8A980EB92D97C2ED00BFFBB2 /* Debug */,
				8A980EBA2D97C2ED00BFFBB2 /* Release */,
			);
			defaultConfigurationIsVisible = 0;
			defaultConfigurationName = Release;
		};
		8A9A25D82D943BCF0056BA18 /* Build configuration list for PBXNativeTarget "Binary To Decimal" */ = {
			isa = XCConfigurationList;
			buildConfigurations = (
				8A9A25D62D943BCF0056BA18 /* Debug */,
				8A9A25D72D943BCF0056BA18 /* Release */,
			);
			defaultConfigurationIsVisible = 0;
			defaultConfigurationName = Release;
		};
		8A9BDA652D94DEB3006D5B57 /* Build configuration list for PBXNativeTarget "ReverseNumber" */ = {
			isa = XCConfigurationList;
			buildConfigurations = (
				8A9BDA632D94DEB3006D5B57 /* Debug */,
				8A9BDA642D94DEB3006D5B57 /* Release */,
			);
			defaultConfigurationIsVisible = 0;
			defaultConfigurationName = Release;
		};
		8A9D2A202D95A1070025260B /* Build configuration list for PBXNativeTarget "Prime Number Check" */ = {
			isa = XCConfigurationList;
			buildConfigurations = (
				8A9D2A1E2D95A1070025260B /* Debug */,
				8A9D2A1F2D95A1070025260B /* Release */,
			);
			defaultConfigurationIsVisible = 0;
			defaultConfigurationName = Release;
		};
		8A9E81092D9665290012840E /* Build configuration list for PBXNativeTarget "Roman To Integer" */ = {
			isa = XCConfigurationList;
			buildConfigurations = (
				8A9E81072D9665290012840E /* Debug */,
				8A9E81082D9665290012840E /* Release */,
			);
			defaultConfigurationIsVisible = 0;
			defaultConfigurationName = Release;
		};
		8AA2ADAC2D940BD100CDCECC /* Build configuration list for PBXProject "Problem-solving" */ = {
			isa = XCConfigurationList;
			buildConfigurations = (
				8AA2ADB62D940BD100CDCECC /* Debug */,
				8AA2ADB72D940BD100CDCECC /* Release */,
			);
			defaultConfigurationIsVisible = 0;
			defaultConfigurationName = Release;
		};
		8AA2ADB82D940BD100CDCECC /* Build configuration list for PBXNativeTarget "Problem-solving" */ = {
			isa = XCConfigurationList;
			buildConfigurations = (
				8AA2ADB92D940BD100CDCECC /* Debug */,
				8AA2ADBA2D940BD100CDCECC /* Release */,
			);
			defaultConfigurationIsVisible = 0;
			defaultConfigurationName = Release;
		};
/* End XCConfigurationList section */
	};
	rootObject = 8AA2ADA92D940BD100CDCECC /* Project object */;
}
